// !$*UTF8*$!
{
	archiveVersion = 1;
	classes = {
	};
	objectVersion = 55;
	objects = {

/* Begin PBXBuildFile section */
		7D6C2CA927E4FD1700B4EFC4 /* NewsNetwork in Frameworks */ = {isa = PBXBuildFile; productRef = 7D6C2CA827E4FD1700B4EFC4 /* NewsNetwork */; };
		7D6C2CB227E4FF3800B4EFC4 /* NewsViewModel.swift in Sources */ = {isa = PBXBuildFile; fileRef = 7D6C2CB127E4FF3800B4EFC4 /* NewsViewModel.swift */; };
		7D6C2CB427F1C73A00B4EFC4 /* NavControllerView.swift in Sources */ = {isa = PBXBuildFile; fileRef = 7D6C2CB327F1C73A00B4EFC4 /* NavControllerView.swift */; };
		7D6C2CB727F1D09F00B4EFC4 /* NewsListScreen.swift in Sources */ = {isa = PBXBuildFile; fileRef = 7D6C2CB627F1D09F00B4EFC4 /* NewsListScreen.swift */; };
		7D6C2CB927F1D10B00B4EFC4 /* NewsCell.swift in Sources */ = {isa = PBXBuildFile; fileRef = 7D6C2CB827F1D10B00B4EFC4 /* NewsCell.swift */; };
		7D6C2CBB27F1D15000B4EFC4 /* NewsDetailScreen.swift in Sources */ = {isa = PBXBuildFile; fileRef = 7D6C2CBA27F1D15000B4EFC4 /* NewsDetailScreen.swift */; };
		7D6C2CBD27F1D1D000B4EFC4 /* NewsURLScreen.swift in Sources */ = {isa = PBXBuildFile; fileRef = 7D6C2CBC27F1D1D000B4EFC4 /* NewsURLScreen.swift */; };
		7DBAB1F227CB519200A861CA /* OtusAppApp.swift in Sources */ = {isa = PBXBuildFile; fileRef = 7DBAB1F127CB519200A861CA /* OtusAppApp.swift */; };
		7DBAB1F427CB519200A861CA /* ContentView.swift in Sources */ = {isa = PBXBuildFile; fileRef = 7DBAB1F327CB519200A861CA /* ContentView.swift */; };
		7DBAB1F627CB519400A861CA /* Assets.xcassets in Resources */ = {isa = PBXBuildFile; fileRef = 7DBAB1F527CB519400A861CA /* Assets.xcassets */; };
		7DBAB1F927CB519400A861CA /* Preview Assets.xcassets in Resources */ = {isa = PBXBuildFile; fileRef = 7DBAB1F827CB519400A861CA /* Preview Assets.xcassets */; };
		7DBAB20027CB538200A861CA /* OneTabScreen.swift in Sources */ = {isa = PBXBuildFile; fileRef = 7DBAB1FF27CB538200A861CA /* OneTabScreen.swift */; };
		7DBAB20227CB539200A861CA /* ListScreen.swift in Sources */ = {isa = PBXBuildFile; fileRef = 7DBAB20127CB539200A861CA /* ListScreen.swift */; };
		7DBAB20427CB539F00A861CA /* ThreeTabScreen.swift in Sources */ = {isa = PBXBuildFile; fileRef = 7DBAB20327CB539F00A861CA /* ThreeTabScreen.swift */; };
		7DBAB20627CB624F00A861CA /* LableView.swift in Sources */ = {isa = PBXBuildFile; fileRef = 7DBAB20527CB624F00A861CA /* LableView.swift */; };
/* End PBXBuildFile section */

/* Begin PBXFileReference section */
		7D6C2CA127E4FB5700B4EFC4 /* NewsNetwork */ = {isa = PBXFileReference; lastKnownFileType = text; name = NewsNetwork; path = Modules/NewsNetwork; sourceTree = SOURCE_ROOT; };
		7D6C2CAD27E4FE2C00B4EFC4 /* newsapi.yaml */ = {isa = PBXFileReference; fileEncoding = 4; lastKnownFileType = text.yaml; path = newsapi.yaml; sourceTree = SOURCE_ROOT; };
		7D6C2CAE27E4FE2C00B4EFC4 /* generate.sh */ = {isa = PBXFileReference; fileEncoding = 4; lastKnownFileType = text.script.sh; path = generate.sh; sourceTree = SOURCE_ROOT; };
		7D6C2CB127E4FF3800B4EFC4 /* NewsViewModel.swift */ = {isa = PBXFileReference; lastKnownFileType = sourcecode.swift; path = NewsViewModel.swift; sourceTree = "<group>"; };
		7D6C2CB327F1C73A00B4EFC4 /* NavControllerView.swift */ = {isa = PBXFileReference; lastKnownFileType = sourcecode.swift; path = NavControllerView.swift; sourceTree = "<group>"; };
		7D6C2CB627F1D09F00B4EFC4 /* NewsListScreen.swift */ = {isa = PBXFileReference; lastKnownFileType = sourcecode.swift; path = NewsListScreen.swift; sourceTree = "<group>"; };
		7D6C2CB827F1D10B00B4EFC4 /* NewsCell.swift */ = {isa = PBXFileReference; lastKnownFileType = sourcecode.swift; path = NewsCell.swift; sourceTree = "<group>"; };
		7D6C2CBA27F1D15000B4EFC4 /* NewsDetailScreen.swift */ = {isa = PBXFileReference; lastKnownFileType = sourcecode.swift; path = NewsDetailScreen.swift; sourceTree = "<group>"; };
		7D6C2CBC27F1D1D000B4EFC4 /* NewsURLScreen.swift */ = {isa = PBXFileReference; lastKnownFileType = sourcecode.swift; path = NewsURLScreen.swift; sourceTree = "<group>"; };
		7DBAB1EE27CB519200A861CA /* OtusApp.app */ = {isa = PBXFileReference; explicitFileType = wrapper.application; includeInIndex = 0; path = OtusApp.app; sourceTree = BUILT_PRODUCTS_DIR; };
		7DBAB1F127CB519200A861CA /* OtusAppApp.swift */ = {isa = PBXFileReference; lastKnownFileType = sourcecode.swift; path = OtusAppApp.swift; sourceTree = "<group>"; };
		7DBAB1F327CB519200A861CA /* ContentView.swift */ = {isa = PBXFileReference; lastKnownFileType = sourcecode.swift; path = ContentView.swift; sourceTree = "<group>"; };
		7DBAB1F527CB519400A861CA /* Assets.xcassets */ = {isa = PBXFileReference; lastKnownFileType = folder.assetcatalog; path = Assets.xcassets; sourceTree = "<group>"; };
		7DBAB1F827CB519400A861CA /* Preview Assets.xcassets */ = {isa = PBXFileReference; lastKnownFileType = folder.assetcatalog; path = "Preview Assets.xcassets"; sourceTree = "<group>"; };
		7DBAB1FF27CB538200A861CA /* OneTabScreen.swift */ = {isa = PBXFileReference; lastKnownFileType = sourcecode.swift; path = OneTabScreen.swift; sourceTree = "<group>"; };
		7DBAB20127CB539200A861CA /* ListScreen.swift */ = {isa = PBXFileReference; lastKnownFileType = sourcecode.swift; path = ListScreen.swift; sourceTree = "<group>"; };
		7DBAB20327CB539F00A861CA /* ThreeTabScreen.swift */ = {isa = PBXFileReference; lastKnownFileType = sourcecode.swift; path = ThreeTabScreen.swift; sourceTree = "<group>"; };
		7DBAB20527CB624F00A861CA /* LableView.swift */ = {isa = PBXFileReference; lastKnownFileType = sourcecode.swift; path = LableView.swift; sourceTree = "<group>"; };
/* End PBXFileReference section */

/* Begin PBXFrameworksBuildPhase section */
		7DBAB1EB27CB519200A861CA /* Frameworks */ = {
			isa = PBXFrameworksBuildPhase;
			buildActionMask = 2147483647;
			files = (
				7D6C2CA927E4FD1700B4EFC4 /* NewsNetwork in Frameworks */,
			);
			runOnlyForDeploymentPostprocessing = 0;
		};
/* End PBXFrameworksBuildPhase section */

/* Begin PBXGroup section */
		7D6C2CA727E4FD1700B4EFC4 /* Frameworks */ = {
			isa = PBXGroup;
			children = (
			);
			name = Frameworks;
			sourceTree = "<group>";
		};
		7D6C2CB527F1D03B00B4EFC4 /* News */ = {
			isa = PBXGroup;
			children = (
				7D6C2CB127E4FF3800B4EFC4 /* NewsViewModel.swift */,
				7D6C2CB627F1D09F00B4EFC4 /* NewsListScreen.swift */,
				7D6C2CB827F1D10B00B4EFC4 /* NewsCell.swift */,
				7D6C2CBA27F1D15000B4EFC4 /* NewsDetailScreen.swift */,
				7D6C2CBC27F1D1D000B4EFC4 /* NewsURLScreen.swift */,
			);
			path = News;
			sourceTree = "<group>";
		};
		7DBAB1E527CB519200A861CA = {
			isa = PBXGroup;
			children = (
				7DBAB1F027CB519200A861CA /* OtusApp */,
				7DBAB1EF27CB519200A861CA /* Products */,
				7D6C2CA727E4FD1700B4EFC4 /* Frameworks */,
			);
			sourceTree = "<group>";
		};
		7DBAB1EF27CB519200A861CA /* Products */ = {
			isa = PBXGroup;
			children = (
				7DBAB1EE27CB519200A861CA /* OtusApp.app */,
			);
			name = Products;
			sourceTree = "<group>";
		};
		7DBAB1F027CB519200A861CA /* OtusApp */ = {
			isa = PBXGroup;
			children = (
				7D6C2CB527F1D03B00B4EFC4 /* News */,
				7D6C2CAE27E4FE2C00B4EFC4 /* generate.sh */,
				7D6C2CAD27E4FE2C00B4EFC4 /* newsapi.yaml */,
				7D6C2CA127E4FB5700B4EFC4 /* NewsNetwork */,
				7DBAB1F127CB519200A861CA /* OtusAppApp.swift */,
				7DBAB1F327CB519200A861CA /* ContentView.swift */,
				7DBAB1FF27CB538200A861CA /* OneTabScreen.swift */,
				7DBAB20127CB539200A861CA /* ListScreen.swift */,
				7DBAB20527CB624F00A861CA /* LableView.swift */,
				7DBAB20327CB539F00A861CA /* ThreeTabScreen.swift */,
				7DBAB1F527CB519400A861CA /* Assets.xcassets */,
				7DBAB1F727CB519400A861CA /* Preview Content */,
				7D6C2CB327F1C73A00B4EFC4 /* NavControllerView.swift */,
			);
			path = OtusApp;
			sourceTree = "<group>";
		};
		7DBAB1F727CB519400A861CA /* Preview Content */ = {
			isa = PBXGroup;
			children = (
				7DBAB1F827CB519400A861CA /* Preview Assets.xcassets */,
			);
			path = "Preview Content";
			sourceTree = "<group>";
		};
/* End PBXGroup section */

/* Begin PBXNativeTarget section */
		7DBAB1ED27CB519200A861CA /* OtusApp */ = {
			isa = PBXNativeTarget;
			buildConfigurationList = 7DBAB1FC27CB519400A861CA /* Build configuration list for PBXNativeTarget "OtusApp" */;
			buildPhases = (
				7DBAB1EA27CB519200A861CA /* Sources */,
				7DBAB1EB27CB519200A861CA /* Frameworks */,
				7DBAB1EC27CB519200A861CA /* Resources */,
			);
			buildRules = (
			);
			dependencies = (
			);
			name = OtusApp;
			packageProductDependencies = (
				7D6C2CA827E4FD1700B4EFC4 /* NewsNetwork */,
			);
			productName = OtusApp;
			productReference = 7DBAB1EE27CB519200A861CA /* OtusApp.app */;
			productType = "com.apple.product-type.application";
		};
/* End PBXNativeTarget section */

/* Begin PBXProject section */
		7DBAB1E627CB519200A861CA /* Project object */ = {
			isa = PBXProject;
			attributes = {
				BuildIndependentTargetsInParallel = 1;
				LastSwiftUpdateCheck = 1320;
				LastUpgradeCheck = 1320;
				TargetAttributes = {
					7DBAB1ED27CB519200A861CA = {
						CreatedOnToolsVersion = 13.2.1;
					};
				};
			};
			buildConfigurationList = 7DBAB1E927CB519200A861CA /* Build configuration list for PBXProject "OtusApp" */;
			compatibilityVersion = "Xcode 13.0";
			developmentRegion = en;
			hasScannedForEncodings = 0;
			knownRegions = (
				en,
				Base,
			);
			mainGroup = 7DBAB1E527CB519200A861CA;
			productRefGroup = 7DBAB1EF27CB519200A861CA /* Products */;
			projectDirPath = "";
			projectRoot = "";
			targets = (
				7DBAB1ED27CB519200A861CA /* OtusApp */,
			);
		};
/* End PBXProject section */

/* Begin PBXResourcesBuildPhase section */
		7DBAB1EC27CB519200A861CA /* Resources */ = {
			isa = PBXResourcesBuildPhase;
			buildActionMask = 2147483647;
			files = (
				7DBAB1F927CB519400A861CA /* Preview Assets.xcassets in Resources */,
				7DBAB1F627CB519400A861CA /* Assets.xcassets in Resources */,
			);
			runOnlyForDeploymentPostprocessing = 0;
		};
/* End PBXResourcesBuildPhase section */

/* Begin PBXSourcesBuildPhase section */
		7DBAB1EA27CB519200A861CA /* Sources */ = {
			isa = PBXSourcesBuildPhase;
			buildActionMask = 2147483647;
			files = (
				7DBAB1F427CB519200A861CA /* ContentView.swift in Sources */,
				7DBAB20427CB539F00A861CA /* ThreeTabScreen.swift in Sources */,
				7D6C2CBD27F1D1D000B4EFC4 /* NewsURLScreen.swift in Sources */,
				7D6C2CBB27F1D15000B4EFC4 /* NewsDetailScreen.swift in Sources */,
				7DBAB1F227CB519200A861CA /* OtusAppApp.swift in Sources */,
				7DBAB20227CB539200A861CA /* ListScreen.swift in Sources */,
				7D6C2CB227E4FF3800B4EFC4 /* NewsViewModel.swift in Sources */,
				7DBAB20627CB624F00A861CA /* LableView.swift in Sources */,
				7D6C2CB727F1D09F00B4EFC4 /* NewsListScreen.swift in Sources */,
				7D6C2CB427F1C73A00B4EFC4 /* NavControllerView.swift in Sources */,
				7D6C2CB927F1D10B00B4EFC4 /* NewsCell.swift in Sources */,
				7DBAB20027CB538200A861CA /* OneTabScreen.swift in Sources */,
			);
			runOnlyForDeploymentPostprocessing = 0;
		};
/* End PBXSourcesBuildPhase section */

/* Begin XCBuildConfiguration section */
		7DBAB1FA27CB519400A861CA /* Debug */ = {
			isa = XCBuildConfiguration;
			buildSettings = {
				ALWAYS_SEARCH_USER_PATHS = NO;
				CLANG_ANALYZER_NONNULL = YES;
				CLANG_ANALYZER_NUMBER_OBJECT_CONVERSION = YES_AGGRESSIVE;
				CLANG_CXX_LANGUAGE_STANDARD = "gnu++17";
				CLANG_CXX_LIBRARY = "libc++";
				CLANG_ENABLE_MODULES = YES;
				CLANG_ENABLE_OBJC_ARC = YES;
				CLANG_ENABLE_OBJC_WEAK = YES;
				CLANG_WARN_BLOCK_CAPTURE_AUTORELEASING = YES;
				CLANG_WARN_BOOL_CONVERSION = YES;
				CLANG_WARN_COMMA = YES;
				CLANG_WARN_CONSTANT_CONVERSION = YES;
				CLANG_WARN_DEPRECATED_OBJC_IMPLEMENTATIONS = YES;
				CLANG_WARN_DIRECT_OBJC_ISA_USAGE = YES_ERROR;
				CLANG_WARN_DOCUMENTATION_COMMENTS = YES;
				CLANG_WARN_EMPTY_BODY = YES;
				CLANG_WARN_ENUM_CONVERSION = YES;
				CLANG_WARN_INFINITE_RECURSION = YES;
				CLANG_WARN_INT_CONVERSION = YES;
				CLANG_WARN_NON_LITERAL_NULL_CONVERSION = YES;
				CLANG_WARN_OBJC_IMPLICIT_RETAIN_SELF = YES;
				CLANG_WARN_OBJC_LITERAL_CONVERSION = YES;
				CLANG_WARN_OBJC_ROOT_CLASS = YES_ERROR;
				CLANG_WARN_QUOTED_INCLUDE_IN_FRAMEWORK_HEADER = YES;
				CLANG_WARN_RANGE_LOOP_ANALYSIS = YES;
				CLANG_WARN_STRICT_PROTOTYPES = YES;
				CLANG_WARN_SUSPICIOUS_MOVE = YES;
				CLANG_WARN_UNGUARDED_AVAILABILITY = YES_AGGRESSIVE;
				CLANG_WARN_UNREACHABLE_CODE = YES;
				CLANG_WARN__DUPLICATE_METHOD_MATCH = YES;
				COPY_PHASE_STRIP = NO;
				DEBUG_INFORMATION_FORMAT = dwarf;
				ENABLE_STRICT_OBJC_MSGSEND = YES;
				ENABLE_TESTABILITY = YES;
				GCC_C_LANGUAGE_STANDARD = gnu11;
				GCC_DYNAMIC_NO_PIC = NO;
				GCC_NO_COMMON_BLOCKS = YES;
				GCC_OPTIMIZATION_LEVEL = 0;
				GCC_PREPROCESSOR_DEFINITIONS = (
					"DEBUG=1",
					"$(inherited)",
				);
				GCC_WARN_64_TO_32_BIT_CONVERSION = YES;
				GCC_WARN_ABOUT_RETURN_TYPE = YES_ERROR;
				GCC_WARN_UNDECLARED_SELECTOR = YES;
				GCC_WARN_UNINITIALIZED_AUTOS = YES_AGGRESSIVE;
				GCC_WARN_UNUSED_FUNCTION = YES;
				GCC_WARN_UNUSED_VARIABLE = YES;
				IPHONEOS_DEPLOYMENT_TARGET = 15.2;
				MTL_ENABLE_DEBUG_INFO = INCLUDE_SOURCE;
				MTL_FAST_MATH = YES;
				ONLY_ACTIVE_ARCH = YES;
				SDKROOT = iphoneos;
				SWIFT_ACTIVE_COMPILATION_CONDITIONS = DEBUG;
				SWIFT_OPTIMIZATION_LEVEL = "-Onone";
			};
			name = Debug;
		};
		7DBAB1FB27CB519400A861CA /* Release */ = {
			isa = XCBuildConfiguration;
			buildSettings = {
				ALWAYS_SEARCH_USER_PATHS = NO;
				CLANG_ANALYZER_NONNULL = YES;
				CLANG_ANALYZER_NUMBER_OBJECT_CONVERSION = YES_AGGRESSIVE;
				CLANG_CXX_LANGUAGE_STANDARD = "gnu++17";
				CLANG_CXX_LIBRARY = "libc++";
				CLANG_ENABLE_MODULES = YES;
				CLANG_ENABLE_OBJC_ARC = YES;
				CLANG_ENABLE_OBJC_WEAK = YES;
				CLANG_WARN_BLOCK_CAPTURE_AUTORELEASING = YES;
				CLANG_WARN_BOOL_CONVERSION = YES;
				CLANG_WARN_COMMA = YES;
				CLANG_WARN_CONSTANT_CONVERSION = YES;
				CLANG_WARN_DEPRECATED_OBJC_IMPLEMENTATIONS = YES;
				CLANG_WARN_DIRECT_OBJC_ISA_USAGE = YES_ERROR;
				CLANG_WARN_DOCUMENTATION_COMMENTS = YES;
				CLANG_WARN_EMPTY_BODY = YES;
				CLANG_WARN_ENUM_CONVERSION = YES;
				CLANG_WARN_INFINITE_RECURSION = YES;
				CLANG_WARN_INT_CONVERSION = YES;
				CLANG_WARN_NON_LITERAL_NULL_CONVERSION = YES;
				CLANG_WARN_OBJC_IMPLICIT_RETAIN_SELF = YES;
				CLANG_WARN_OBJC_LITERAL_CONVERSION = YES;
				CLANG_WARN_OBJC_ROOT_CLASS = YES_ERROR;
				CLANG_WARN_QUOTED_INCLUDE_IN_FRAMEWORK_HEADER = YES;
				CLANG_WARN_RANGE_LOOP_ANALYSIS = YES;
				CLANG_WARN_STRICT_PROTOTYPES = YES;
				CLANG_WARN_SUSPICIOUS_MOVE = YES;
				CLANG_WARN_UNGUARDED_AVAILABILITY = YES_AGGRESSIVE;
				CLANG_WARN_UNREACHABLE_CODE = YES;
				CLANG_WARN__DUPLICATE_METHOD_MATCH = YES;
				COPY_PHASE_STRIP = NO;
				DEBUG_INFORMATION_FORMAT = "dwarf-with-dsym";
				ENABLE_NS_ASSERTIONS = NO;
				ENABLE_STRICT_OBJC_MSGSEND = YES;
				GCC_C_LANGUAGE_STANDARD = gnu11;
				GCC_NO_COMMON_BLOCKS = YES;
				GCC_WARN_64_TO_32_BIT_CONVERSION = YES;
				GCC_WARN_ABOUT_RETURN_TYPE = YES_ERROR;
				GCC_WARN_UNDECLARED_SELECTOR = YES;
				GCC_WARN_UNINITIALIZED_AUTOS = YES_AGGRESSIVE;
				GCC_WARN_UNUSED_FUNCTION = YES;
				GCC_WARN_UNUSED_VARIABLE = YES;
				IPHONEOS_DEPLOYMENT_TARGET = 15.2;
				MTL_ENABLE_DEBUG_INFO = NO;
				MTL_FAST_MATH = YES;
				SDKROOT = iphoneos;
				SWIFT_COMPILATION_MODE = wholemodule;
				SWIFT_OPTIMIZATION_LEVEL = "-O";
				VALIDATE_PRODUCT = YES;
			};
			name = Release;
		};
		7DBAB1FD27CB519400A861CA /* Debug */ = {
			isa = XCBuildConfiguration;
			buildSettings = {
				ASSETCATALOG_COMPILER_APPICON_NAME = AppIcon;
				ASSETCATALOG_COMPILER_GLOBAL_ACCENT_COLOR_NAME = AccentColor;
				CODE_SIGN_STYLE = Automatic;
				CURRENT_PROJECT_VERSION = 1;
				DEVELOPMENT_ASSET_PATHS = "\"OtusApp/Preview Content\"";
				DEVELOPMENT_TEAM = 3NWMYS8K45;
				ENABLE_PREVIEWS = YES;
				GENERATE_INFOPLIST_FILE = YES;
				INFOPLIST_KEY_UIApplicationSceneManifest_Generation = YES;
				INFOPLIST_KEY_UIApplicationSupportsIndirectInputEvents = YES;
				INFOPLIST_KEY_UILaunchScreen_Generation = YES;
				INFOPLIST_KEY_UISupportedInterfaceOrientations_iPad = "UIInterfaceOrientationPortrait UIInterfaceOrientationPortraitUpsideDown UIInterfaceOrientationLandscapeLeft UIInterfaceOrientationLandscapeRight";
				INFOPLIST_KEY_UISupportedInterfaceOrientations_iPhone = "UIInterfaceOrientationPortrait UIInterfaceOrientationLandscapeLeft UIInterfaceOrientationLandscapeRight";
				LD_RUNPATH_SEARCH_PATHS = (
					"$(inherited)",
					"@executable_path/Frameworks",
				);
				MARKETING_VERSION = 1.0;
				PRODUCT_BUNDLE_IDENTIFIER = com.alexandrKotlyarov.OtusApp;
				PRODUCT_NAME = "$(TARGET_NAME)";
				SWIFT_EMIT_LOC_STRINGS = YES;
				SWIFT_VERSION = 5.0;
				TARGETED_DEVICE_FAMILY = "1,2";
			};
			name = Debug;
		};
		7DBAB1FE27CB519400A861CA /* Release */ = {
			isa = XCBuildConfiguration;
			buildSettings = {
				ASSETCATALOG_COMPILER_APPICON_NAME = AppIcon;
				ASSETCATALOG_COMPILER_GLOBAL_ACCENT_COLOR_NAME = AccentColor;
				CODE_SIGN_STYLE = Automatic;
				CURRENT_PROJECT_VERSION = 1;
				DEVELOPMENT_ASSET_PATHS = "\"OtusApp/Preview Content\"";
				DEVELOPMENT_TEAM = 3NWMYS8K45;
				ENABLE_PREVIEWS = YES;
				GENERATE_INFOPLIST_FILE = YES;
				INFOPLIST_KEY_UIApplicationSceneManifest_Generation = YES;
				INFOPLIST_KEY_UIApplicationSupportsIndirectInputEvents = YES;
				INFOPLIST_KEY_UILaunchScreen_Generation = YES;
				INFOPLIST_KEY_UISupportedInterfaceOrientations_iPad = "UIInterfaceOrientationPortrait UIInterfaceOrientationPortraitUpsideDown UIInterfaceOrientationLandscapeLeft UIInterfaceOrientationLandscapeRight";
				INFOPLIST_KEY_UISupportedInterfaceOrientations_iPhone = "UIInterfaceOrientationPortrait UIInterfaceOrientationLandscapeLeft UIInterfaceOrientationLandscapeRight";
				LD_RUNPATH_SEARCH_PATHS = (
					"$(inherited)",
					"@executable_path/Frameworks",
				);
				MARKETING_VERSION = 1.0;
				PRODUCT_BUNDLE_IDENTIFIER = com.alexandrKotlyarov.OtusApp;
				PRODUCT_NAME = "$(TARGET_NAME)";
				SWIFT_EMIT_LOC_STRINGS = YES;
				SWIFT_VERSION = 5.0;
				TARGETED_DEVICE_FAMILY = "1,2";
			};
			name = Release;
		};
/* End XCBuildConfiguration section */

/* Begin XCConfigurationList section */
		7DBAB1E927CB519200A861CA /* Build configuration list for PBXProject "OtusApp" */ = {
			isa = XCConfigurationList;
			buildConfigurations = (
				7DBAB1FA27CB519400A861CA /* Debug */,
				7DBAB1FB27CB519400A861CA /* Release */,
			);
			defaultConfigurationIsVisible = 0;
			defaultConfigurationName = Release;
		};
		7DBAB1FC27CB519400A861CA /* Build configuration list for PBXNativeTarget "OtusApp" */ = {
			isa = XCConfigurationList;
			buildConfigurations = (
				7DBAB1FD27CB519400A861CA /* Debug */,
				7DBAB1FE27CB519400A861CA /* Release */,
			);
			defaultConfigurationIsVisible = 0;
			defaultConfigurationName = Release;
		};
/* End XCConfigurationList section */

/* Begin XCSwiftPackageProductDependency section */
		7D6C2CA827E4FD1700B4EFC4 /* NewsNetwork */ = {
			isa = XCSwiftPackageProductDependency;
			productName = NewsNetwork;
		};
/* End XCSwiftPackageProductDependency section */
	};
	rootObject = 7DBAB1E627CB519200A861CA /* Project object */;
}
